Microsoft Visual Studio Solution File, Format Version 12.00
# Visual Studio Version 17
VisualStudioVersion = 17.0.31903.59
MinimumVisualStudioVersion = 10.0.40219.1
Project("{FAE04EC0-301F-11D3-BF4B-00C04F79EFBC}") = "task01", "task01\task01.csproj", "{2904E11C-98AB-4A31-B0B0-3322A69FDDFD}"
EndProject
Project("{FAE04EC0-301F-11D3-BF4B-00C04F79EFBC}") = "task01tests", "task01tests\task01tests.csproj", "{01448A1B-7355-4DFD-BB7B-536ABC59778D}"
EndProject
Project("{FAE04EC0-301F-11D3-BF4B-00C04F79EFBC}") = "task02", "task02\task02.csproj", "{3D9C9357-D6ED-4E38-9904-B8FC20896F1E}"
EndProject
Project("{FAE04EC0-301F-11D3-BF4B-00C04F79EFBC}") = "task02tests", "task02tests\task02tests.csproj", "{9F1BEBCF-F813-4D69-91F5-4CEE6565BCD6}"
EndProject
Project("{FAE04EC0-301F-11D3-BF4B-00C04F79EFBC}") = "task03", "task03\task03.csproj", "{05103D4D-355C-4872-A148-A20BF6E51031}"
EndProject
Project("{FAE04EC0-301F-11D3-BF4B-00C04F79EFBC}") = "task03tests", "task03tests\task03tests.csproj", "{07B11890-8293-4A48-972F-2689023BEB2A}"
EndProject
Project("{FAE04EC0-301F-11D3-BF4B-00C04F79EFBC}") = "task04", "task04\task04.csproj", "{91FAB89D-39AA-475B-8873-60C4BD757ADA}"
EndProject
Project("{FAE04EC0-301F-11D3-BF4B-00C04F79EFBC}") = "task04tests", "task04tests\task04tests.csproj", "{A4F40E4C-538C-47A2-BCCE-DEA66FBAED7E}"
EndProject
Project("{FAE04EC0-301F-11D3-BF4B-00C04F79EFBC}") = "task05", "task05\task05.csproj", "{C4650A86-1425-4F0D-BE0C-50B12E14F3D9}"
EndProject
Project("{FAE04EC0-301F-11D3-BF4B-00C04F79EFBC}") = "task05tests", "task05tests\task05tests.csproj", "{5BB82C8F-3B3A-4BE9-B460-6C265EE50C83}"
EndProject
Project("{FAE04EC0-301F-11D3-BF4B-00C04F79EFBC}") = "task07", "task07\task07.csproj", "{F4D1C868-446F-4332-A023-572D57CE18F6}"
EndProject
Project("{FAE04EC0-301F-11D3-BF4B-00C04F79EFBC}") = "task07tests", "task07tests\task07tests.csproj", "{767A4FD3-06FE-4F21-BC33-4E3DC7E2336D}"
EndProject
Project("{2150E333-8FDC-42A3-9474-1A3956D46DE8}") = "task08", "task08", "{0BC8AB1F-D1B6-42E2-8F9E-A7CFA0DF4BFD}"
EndProject
Project("{FAE04EC0-301F-11D3-BF4B-00C04F79EFBC}") = "CommandLib", "task08\CommandLib\CommandLib.csproj", "{1AAA1706-5B88-4F1C-B6C8-F4D814BA0C77}"
EndProject
Project("{FAE04EC0-301F-11D3-BF4B-00C04F79EFBC}") = "FileSystemCommands", "task08\FileSystemCommands\FileSystemCommands.csproj", "{39C7D6A9-DD0B-4758-918E-32A7DE5BB9D1}"
EndProject
Project("{FAE04EC0-301F-11D3-BF4B-00C04F79EFBC}") = "CommandRunner", "task08\CommandRunner\CommandRunner.csproj", "{676F4086-014E-488F-AF33-F61D43C2FFBA}"
EndProject
Project("{FAE04EC0-301F-11D3-BF4B-00C04F79EFBC}") = "task08tests", "task08\task08tests\task08tests.csproj", "{0F11512E-4BEE-41F1-8F36-98A3316CE25B}"
EndProject
Project("{FAE04EC0-301F-11D3-BF4B-00C04F79EFBC}") = "task09", "task09\task09.csproj", "{88CE562D-3244-4696-9CA2-493F46C1FBC1}"
EndProject
Project("{2150E333-8FDC-42A3-9474-1A3956D46DE8}") = "task10", "task10", "{1D98EDA7-3583-4AE7-A155-137714FE1BAD}"
EndProject
Project("{FAE04EC0-301F-11D3-BF4B-00C04F79EFBC}") = "PluginLib", "task10\PluginLib\PluginLib.csproj", "{A6638135-D3B3-41D6-B34D-69F6EC931ECF}"
EndProject
Project("{FAE04EC0-301F-11D3-BF4B-00C04F79EFBC}") = "PluginLoader", "task10\PluginLoader\PluginLoader.csproj", "{5269C41C-9D6F-4DC7-93BD-435A01E9630F}"
EndProject
Project("{FAE04EC0-301F-11D3-BF4B-00C04F79EFBC}") = "PluginRunner", "task10\PluginRunner\PluginRunner.csproj", "{5B93BD76-B587-4B83-BDDE-34FDD13DCB48}"
EndProject
Project("{FAE04EC0-301F-11D3-BF4B-00C04F79EFBC}") = "task10tests", "task10\task10tests\task10tests.csproj", "{245AE799-E4FA-4E2F-AC9E-673917653CE0}"
EndProject
Project("{2150E333-8FDC-42A3-9474-1A3956D46DE8}") = "Plugins", "Plugins", "{D8CA60B0-5483-4F3D-B61F-818304610231}"
EndProject
Project("{FAE04EC0-301F-11D3-BF4B-00C04F79EFBC}") = "LoggerPlugin", "task10\Plugins\LoggerPlugin\LoggerPlugin.csproj", "{DCB93385-7983-442D-B4DF-77979FE76ABD}"
EndProject
Project("{FAE04EC0-301F-11D3-BF4B-00C04F79EFBC}") = "DatabasePlugin", "task10\Plugins\DatabasePlugin\DatabasePlugin.csproj", "{E9ED2A7E-D394-48F1-B02D-5E794BD2A3CC}"
EndProject
Project("{FAE04EC0-301F-11D3-BF4B-00C04F79EFBC}") = "ReportPlugin", "task10\Plugins\ReportPlugin\ReportPlugin.csproj", "{E105125B-B508-41CD-B90B-F6306C498FA0}"
EndProject
Project("{FAE04EC0-301F-11D3-BF4B-00C04F79EFBC}") = "task11", "task11\task11.csproj", "{C5D147CD-AFD3-4257-B203-DDECDDFB66B0}"
EndProject
Project("{FAE04EC0-301F-11D3-BF4B-00C04F79EFBC}") = "task11tests", "task11tests\task11tests.csproj", "{05B90888-7631-4D95-AA14-30B4CDAA3BB3}"
EndProject
Global
	GlobalSection(SolutionConfigurationPlatforms) = preSolution
		Debug|Any CPU = Debug|Any CPU
		Release|Any CPU = Release|Any CPU
	EndGlobalSection
	GlobalSection(SolutionProperties) = preSolution
		HideSolutionNode = FALSE
	EndGlobalSection
	GlobalSection(ProjectConfigurationPlatforms) = postSolution
		{2904E11C-98AB-4A31-B0B0-3322A69FDDFD}.Debug|Any CPU.ActiveCfg = Debug|Any CPU
		{2904E11C-98AB-4A31-B0B0-3322A69FDDFD}.Debug|Any CPU.Build.0 = Debug|Any CPU
		{2904E11C-98AB-4A31-B0B0-3322A69FDDFD}.Release|Any CPU.ActiveCfg = Release|Any CPU
		{2904E11C-98AB-4A31-B0B0-3322A69FDDFD}.Release|Any CPU.Build.0 = Release|Any CPU
		{01448A1B-7355-4DFD-BB7B-536ABC59778D}.Debug|Any CPU.ActiveCfg = Debug|Any CPU
		{01448A1B-7355-4DFD-BB7B-536ABC59778D}.Debug|Any CPU.Build.0 = Debug|Any CPU
		{01448A1B-7355-4DFD-BB7B-536ABC59778D}.Release|Any CPU.ActiveCfg = Release|Any CPU
		{01448A1B-7355-4DFD-BB7B-536ABC59778D}.Release|Any CPU.Build.0 = Release|Any CPU
		{3D9C9357-D6ED-4E38-9904-B8FC20896F1E}.Debug|Any CPU.ActiveCfg = Debug|Any CPU
		{3D9C9357-D6ED-4E38-9904-B8FC20896F1E}.Debug|Any CPU.Build.0 = Debug|Any CPU
		{3D9C9357-D6ED-4E38-9904-B8FC20896F1E}.Release|Any CPU.ActiveCfg = Release|Any CPU
		{3D9C9357-D6ED-4E38-9904-B8FC20896F1E}.Release|Any CPU.Build.0 = Release|Any CPU
		{9F1BEBCF-F813-4D69-91F5-4CEE6565BCD6}.Debug|Any CPU.ActiveCfg = Debug|Any CPU
		{9F1BEBCF-F813-4D69-91F5-4CEE6565BCD6}.Debug|Any CPU.Build.0 = Debug|Any CPU
		{9F1BEBCF-F813-4D69-91F5-4CEE6565BCD6}.Release|Any CPU.ActiveCfg = Release|Any CPU
		{9F1BEBCF-F813-4D69-91F5-4CEE6565BCD6}.Release|Any CPU.Build.0 = Release|Any CPU
		{05103D4D-355C-4872-A148-A20BF6E51031}.Debug|Any CPU.ActiveCfg = Debug|Any CPU
		{05103D4D-355C-4872-A148-A20BF6E51031}.Debug|Any CPU.Build.0 = Debug|Any CPU
		{05103D4D-355C-4872-A148-A20BF6E51031}.Release|Any CPU.ActiveCfg = Release|Any CPU
		{05103D4D-355C-4872-A148-A20BF6E51031}.Release|Any CPU.Build.0 = Release|Any CPU
		{07B11890-8293-4A48-972F-2689023BEB2A}.Debug|Any CPU.ActiveCfg = Debug|Any CPU
		{07B11890-8293-4A48-972F-2689023BEB2A}.Debug|Any CPU.Build.0 = Debug|Any CPU
		{07B11890-8293-4A48-972F-2689023BEB2A}.Release|Any CPU.ActiveCfg = Release|Any CPU
		{07B11890-8293-4A48-972F-2689023BEB2A}.Release|Any CPU.Build.0 = Release|Any CPU
		{91FAB89D-39AA-475B-8873-60C4BD757ADA}.Debug|Any CPU.ActiveCfg = Debug|Any CPU
		{91FAB89D-39AA-475B-8873-60C4BD757ADA}.Debug|Any CPU.Build.0 = Debug|Any CPU
		{91FAB89D-39AA-475B-8873-60C4BD757ADA}.Release|Any CPU.ActiveCfg = Release|Any CPU
		{91FAB89D-39AA-475B-8873-60C4BD757ADA}.Release|Any CPU.Build.0 = Release|Any CPU
		{A4F40E4C-538C-47A2-BCCE-DEA66FBAED7E}.Debug|Any CPU.ActiveCfg = Debug|Any CPU
		{A4F40E4C-538C-47A2-BCCE-DEA66FBAED7E}.Debug|Any CPU.Build.0 = Debug|Any CPU
		{A4F40E4C-538C-47A2-BCCE-DEA66FBAED7E}.Release|Any CPU.ActiveCfg = Release|Any CPU
		{A4F40E4C-538C-47A2-BCCE-DEA66FBAED7E}.Release|Any CPU.Build.0 = Release|Any CPU
		{C4650A86-1425-4F0D-BE0C-50B12E14F3D9}.Debug|Any CPU.ActiveCfg = Debug|Any CPU
		{C4650A86-1425-4F0D-BE0C-50B12E14F3D9}.Debug|Any CPU.Build.0 = Debug|Any CPU
		{C4650A86-1425-4F0D-BE0C-50B12E14F3D9}.Release|Any CPU.ActiveCfg = Release|Any CPU
		{C4650A86-1425-4F0D-BE0C-50B12E14F3D9}.Release|Any CPU.Build.0 = Release|Any CPU
		{5BB82C8F-3B3A-4BE9-B460-6C265EE50C83}.Debug|Any CPU.ActiveCfg = Debug|Any CPU
		{5BB82C8F-3B3A-4BE9-B460-6C265EE50C83}.Debug|Any CPU.Build.0 = Debug|Any CPU
		{5BB82C8F-3B3A-4BE9-B460-6C265EE50C83}.Release|Any CPU.ActiveCfg = Release|Any CPU
		{5BB82C8F-3B3A-4BE9-B460-6C265EE50C83}.Release|Any CPU.Build.0 = Release|Any CPU
		{F4D1C868-446F-4332-A023-572D57CE18F6}.Debug|Any CPU.ActiveCfg = Debug|Any CPU
		{F4D1C868-446F-4332-A023-572D57CE18F6}.Debug|Any CPU.Build.0 = Debug|Any CPU
		{F4D1C868-446F-4332-A023-572D57CE18F6}.Release|Any CPU.ActiveCfg = Release|Any CPU
		{F4D1C868-446F-4332-A023-572D57CE18F6}.Release|Any CPU.Build.0 = Release|Any CPU
		{767A4FD3-06FE-4F21-BC33-4E3DC7E2336D}.Debug|Any CPU.ActiveCfg = Debug|Any CPU
		{767A4FD3-06FE-4F21-BC33-4E3DC7E2336D}.Debug|Any CPU.Build.0 = Debug|Any CPU
		{767A4FD3-06FE-4F21-BC33-4E3DC7E2336D}.Release|Any CPU.ActiveCfg = Release|Any CPU
		{767A4FD3-06FE-4F21-BC33-4E3DC7E2336D}.Release|Any CPU.Build.0 = Release|Any CPU
		{1AAA1706-5B88-4F1C-B6C8-F4D814BA0C77}.Debug|Any CPU.ActiveCfg = Debug|Any CPU
		{1AAA1706-5B88-4F1C-B6C8-F4D814BA0C77}.Debug|Any CPU.Build.0 = Debug|Any CPU
		{1AAA1706-5B88-4F1C-B6C8-F4D814BA0C77}.Release|Any CPU.ActiveCfg = Release|Any CPU
		{1AAA1706-5B88-4F1C-B6C8-F4D814BA0C77}.Release|Any CPU.Build.0 = Release|Any CPU
		{39C7D6A9-DD0B-4758-918E-32A7DE5BB9D1}.Debug|Any CPU.ActiveCfg = Debug|Any CPU
		{39C7D6A9-DD0B-4758-918E-32A7DE5BB9D1}.Debug|Any CPU.Build.0 = Debug|Any CPU
		{39C7D6A9-DD0B-4758-918E-32A7DE5BB9D1}.Release|Any CPU.ActiveCfg = Release|Any CPU
		{39C7D6A9-DD0B-4758-918E-32A7DE5BB9D1}.Release|Any CPU.Build.0 = Release|Any CPU
		{676F4086-014E-488F-AF33-F61D43C2FFBA}.Debug|Any CPU.ActiveCfg = Debug|Any CPU
		{676F4086-014E-488F-AF33-F61D43C2FFBA}.Debug|Any CPU.Build.0 = Debug|Any CPU
		{676F4086-014E-488F-AF33-F61D43C2FFBA}.Release|Any CPU.ActiveCfg = Release|Any CPU
		{676F4086-014E-488F-AF33-F61D43C2FFBA}.Release|Any CPU.Build.0 = Release|Any CPU
		{0F11512E-4BEE-41F1-8F36-98A3316CE25B}.Debug|Any CPU.ActiveCfg = Debug|Any CPU
		{0F11512E-4BEE-41F1-8F36-98A3316CE25B}.Debug|Any CPU.Build.0 = Debug|Any CPU
		{0F11512E-4BEE-41F1-8F36-98A3316CE25B}.Release|Any CPU.ActiveCfg = Release|Any CPU
		{0F11512E-4BEE-41F1-8F36-98A3316CE25B}.Release|Any CPU.Build.0 = Release|Any CPU
		{88CE562D-3244-4696-9CA2-493F46C1FBC1}.Debug|Any CPU.ActiveCfg = Debug|Any CPU
		{88CE562D-3244-4696-9CA2-493F46C1FBC1}.Debug|Any CPU.Build.0 = Debug|Any CPU
		{88CE562D-3244-4696-9CA2-493F46C1FBC1}.Release|Any CPU.ActiveCfg = Release|Any CPU
		{88CE562D-3244-4696-9CA2-493F46C1FBC1}.Release|Any CPU.Build.0 = Release|Any CPU
		{A6638135-D3B3-41D6-B34D-69F6EC931ECF}.Debug|Any CPU.ActiveCfg = Debug|Any CPU
		{A6638135-D3B3-41D6-B34D-69F6EC931ECF}.Debug|Any CPU.Build.0 = Debug|Any CPU
		{A6638135-D3B3-41D6-B34D-69F6EC931ECF}.Release|Any CPU.ActiveCfg = Release|Any CPU
		{A6638135-D3B3-41D6-B34D-69F6EC931ECF}.Release|Any CPU.Build.0 = Release|Any CPU
		{5269C41C-9D6F-4DC7-93BD-435A01E9630F}.Debug|Any CPU.ActiveCfg = Debug|Any CPU
		{5269C41C-9D6F-4DC7-93BD-435A01E9630F}.Debug|Any CPU.Build.0 = Debug|Any CPU
		{5269C41C-9D6F-4DC7-93BD-435A01E9630F}.Release|Any CPU.ActiveCfg = Release|Any CPU
		{5269C41C-9D6F-4DC7-93BD-435A01E9630F}.Release|Any CPU.Build.0 = Release|Any CPU
		{5B93BD76-B587-4B83-BDDE-34FDD13DCB48}.Debug|Any CPU.ActiveCfg = Debug|Any CPU
		{5B93BD76-B587-4B83-BDDE-34FDD13DCB48}.Debug|Any CPU.Build.0 = Debug|Any CPU
		{5B93BD76-B587-4B83-BDDE-34FDD13DCB48}.Release|Any CPU.ActiveCfg = Release|Any CPU
		{5B93BD76-B587-4B83-BDDE-34FDD13DCB48}.Release|Any CPU.Build.0 = Release|Any CPU
		{245AE799-E4FA-4E2F-AC9E-673917653CE0}.Debug|Any CPU.ActiveCfg = Debug|Any CPU
		{245AE799-E4FA-4E2F-AC9E-673917653CE0}.Debug|Any CPU.Build.0 = Debug|Any CPU
		{245AE799-E4FA-4E2F-AC9E-673917653CE0}.Release|Any CPU.ActiveCfg = Release|Any CPU
		{245AE799-E4FA-4E2F-AC9E-673917653CE0}.Release|Any CPU.Build.0 = Release|Any CPU
		{DCB93385-7983-442D-B4DF-77979FE76ABD}.Debug|Any CPU.ActiveCfg = Debug|Any CPU
		{DCB93385-7983-442D-B4DF-77979FE76ABD}.Debug|Any CPU.Build.0 = Debug|Any CPU
		{DCB93385-7983-442D-B4DF-77979FE76ABD}.Release|Any CPU.ActiveCfg = Release|Any CPU
		{DCB93385-7983-442D-B4DF-77979FE76ABD}.Release|Any CPU.Build.0 = Release|Any CPU
		{E9ED2A7E-D394-48F1-B02D-5E794BD2A3CC}.Debug|Any CPU.ActiveCfg = Debug|Any CPU
		{E9ED2A7E-D394-48F1-B02D-5E794BD2A3CC}.Debug|Any CPU.Build.0 = Debug|Any CPU
		{E9ED2A7E-D394-48F1-B02D-5E794BD2A3CC}.Release|Any CPU.ActiveCfg = Release|Any CPU
		{E9ED2A7E-D394-48F1-B02D-5E794BD2A3CC}.Release|Any CPU.Build.0 = Release|Any CPU
		{E105125B-B508-41CD-B90B-F6306C498FA0}.Debug|Any CPU.ActiveCfg = Debug|Any CPU
		{E105125B-B508-41CD-B90B-F6306C498FA0}.Debug|Any CPU.Build.0 = Debug|Any CPU
		{E105125B-B508-41CD-B90B-F6306C498FA0}.Release|Any CPU.ActiveCfg = Release|Any CPU
		{E105125B-B508-41CD-B90B-F6306C498FA0}.Release|Any CPU.Build.0 = Release|Any CPU
		{C5D147CD-AFD3-4257-B203-DDECDDFB66B0}.Debug|Any CPU.ActiveCfg = Debug|Any CPU
		{C5D147CD-AFD3-4257-B203-DDECDDFB66B0}.Debug|Any CPU.Build.0 = Debug|Any CPU
		{C5D147CD-AFD3-4257-B203-DDECDDFB66B0}.Release|Any CPU.ActiveCfg = Release|Any CPU
		{C5D147CD-AFD3-4257-B203-DDECDDFB66B0}.Release|Any CPU.Build.0 = Release|Any CPU
		{05B90888-7631-4D95-AA14-30B4CDAA3BB3}.Debug|Any CPU.ActiveCfg = Debug|Any CPU
		{05B90888-7631-4D95-AA14-30B4CDAA3BB3}.Debug|Any CPU.Build.0 = Debug|Any CPU
		{05B90888-7631-4D95-AA14-30B4CDAA3BB3}.Release|Any CPU.ActiveCfg = Release|Any CPU
		{05B90888-7631-4D95-AA14-30B4CDAA3BB3}.Release|Any CPU.Build.0 = Release|Any CPU
	EndGlobalSection
	GlobalSection(NestedProjects) = preSolution
		{1AAA1706-5B88-4F1C-B6C8-F4D814BA0C77} = {0BC8AB1F-D1B6-42E2-8F9E-A7CFA0DF4BFD}
		{39C7D6A9-DD0B-4758-918E-32A7DE5BB9D1} = {0BC8AB1F-D1B6-42E2-8F9E-A7CFA0DF4BFD}
		{676F4086-014E-488F-AF33-F61D43C2FFBA} = {0BC8AB1F-D1B6-42E2-8F9E-A7CFA0DF4BFD}
		{0F11512E-4BEE-41F1-8F36-98A3316CE25B} = {0BC8AB1F-D1B6-42E2-8F9E-A7CFA0DF4BFD}
		{A6638135-D3B3-41D6-B34D-69F6EC931ECF} = {1D98EDA7-3583-4AE7-A155-137714FE1BAD}
		{5269C41C-9D6F-4DC7-93BD-435A01E9630F} = {1D98EDA7-3583-4AE7-A155-137714FE1BAD}
		{5B93BD76-B587-4B83-BDDE-34FDD13DCB48} = {1D98EDA7-3583-4AE7-A155-137714FE1BAD}
		{245AE799-E4FA-4E2F-AC9E-673917653CE0} = {1D98EDA7-3583-4AE7-A155-137714FE1BAD}
		{D8CA60B0-5483-4F3D-B61F-818304610231} = {1D98EDA7-3583-4AE7-A155-137714FE1BAD}
		{DCB93385-7983-442D-B4DF-77979FE76ABD} = {D8CA60B0-5483-4F3D-B61F-818304610231}
		{E9ED2A7E-D394-48F1-B02D-5E794BD2A3CC} = {D8CA60B0-5483-4F3D-B61F-818304610231}
		{E105125B-B508-41CD-B90B-F6306C498FA0} = {D8CA60B0-5483-4F3D-B61F-818304610231}
	EndGlobalSection
EndGlobal
