
Microsoft Visual Studio Solution File, Format Version 12.00
# Visual Studio Version 17
VisualStudioVersion = 17.0.31903.59
MinimumVisualStudioVersion = 10.0.40219.1
Project("{FAE04EC0-301F-11D3-BF4B-00C04F79EFBC}") = "task01", "task01\task01.csproj", "{2904E11C-98AB-4A31-B0B0-3322A69FDDFD}"
EndProject
Project("{FAE04EC0-301F-11D3-BF4B-00C04F79EFBC}") = "task01tests", "task01tests\task01tests.csproj", "{01448A1B-7355-4DFD-BB7B-536ABC59778D}"
EndProject
Project("{FAE04EC0-301F-11D3-BF4B-00C04F79EFBC}") = "task02", "task02\task02.csproj", "{3D9C9357-D6ED-4E38-9904-B8FC20896F1E}"
EndProject
Project("{FAE04EC0-301F-11D3-BF4B-00C04F79EFBC}") = "task02tests", "task02tests\task02tests.csproj", "{9F1BEBCF-F813-4D69-91F5-4CEE6565BCD6}"
EndProject
Project("{FAE04EC0-301F-11D3-BF4B-00C04F79EFBC}") = "task03", "task03\task03.csproj", "{05103D4D-355C-4872-A148-A20BF6E51031}"
EndProject
Project("{FAE04EC0-301F-11D3-BF4B-00C04F79EFBC}") = "task03tests", "task03tests\task03tests.csproj", "{07B11890-8293-4A48-972F-2689023BEB2A}"
EndProject
Project("{FAE04EC0-301F-11D3-BF4B-00C04F79EFBC}") = "task04", "task04\task04.csproj", "{91FAB89D-39AA-475B-8873-60C4BD757ADA}"
EndProject
Project("{FAE04EC0-301F-11D3-BF4B-00C04F79EFBC}") = "task04tests", "task04tests\task04tests.csproj", "{A4F40E4C-538C-47A2-BCCE-DEA66FBAED7E}"
EndProject
Project("{FAE04EC0-301F-11D3-BF4B-00C04F79EFBC}") = "task05", "task05\task05.csproj", "{C4650A86-1425-4F0D-BE0C-50B12E14F3D9}"
EndProject
Project("{FAE04EC0-301F-11D3-BF4B-00C04F79EFBC}") = "task05tests", "task05tests\task05tests.csproj", "{5BB82C8F-3B3A-4BE9-B460-6C265EE50C83}"
EndProject
Project("{FAE04EC0-301F-11D3-BF4B-00C04F79EFBC}") = "task07", "task07\task07.csproj", "{F4D1C868-446F-4332-A023-572D57CE18F6}"
EndProject
Project("{FAE04EC0-301F-11D3-BF4B-00C04F79EFBC}") = "task07tests", "task07tests\task07tests.csproj", "{767A4FD3-06FE-4F21-BC33-4E3DC7E2336D}"
EndProject
Global
	GlobalSection(SolutionConfigurationPlatforms) = preSolution
		Debug|Any CPU = Debug|Any CPU
		Release|Any CPU = Release|Any CPU
	EndGlobalSection
	GlobalSection(SolutionProperties) = preSolution
		HideSolutionNode = FALSE
	EndGlobalSection
	GlobalSection(ProjectConfigurationPlatforms) = postSolution
		{2904E11C-98AB-4A31-B0B0-3322A69FDDFD}.Debug|Any CPU.ActiveCfg = Debug|Any CPU
		{2904E11C-98AB-4A31-B0B0-3322A69FDDFD}.Debug|Any CPU.Build.0 = Debug|Any CPU
		{2904E11C-98AB-4A31-B0B0-3322A69FDDFD}.Release|Any CPU.ActiveCfg = Release|Any CPU
		{2904E11C-98AB-4A31-B0B0-3322A69FDDFD}.Release|Any CPU.Build.0 = Release|Any CPU
		{01448A1B-7355-4DFD-BB7B-536ABC59778D}.Debug|Any CPU.ActiveCfg = Debug|Any CPU
		{01448A1B-7355-4DFD-BB7B-536ABC59778D}.Debug|Any CPU.Build.0 = Debug|Any CPU
		{01448A1B-7355-4DFD-BB7B-536ABC59778D}.Release|Any CPU.ActiveCfg = Release|Any CPU
		{01448A1B-7355-4DFD-BB7B-536ABC59778D}.Release|Any CPU.Build.0 = Release|Any CPU
		{3D9C9357-D6ED-4E38-9904-B8FC20896F1E}.Debug|Any CPU.ActiveCfg = Debug|Any CPU
		{3D9C9357-D6ED-4E38-9904-B8FC20896F1E}.Debug|Any CPU.Build.0 = Debug|Any CPU
		{3D9C9357-D6ED-4E38-9904-B8FC20896F1E}.Release|Any CPU.ActiveCfg = Release|Any CPU
		{3D9C9357-D6ED-4E38-9904-B8FC20896F1E}.Release|Any CPU.Build.0 = Release|Any CPU
		{9F1BEBCF-F813-4D69-91F5-4CEE6565BCD6}.Debug|Any CPU.ActiveCfg = Debug|Any CPU
		{9F1BEBCF-F813-4D69-91F5-4CEE6565BCD6}.Debug|Any CPU.Build.0 = Debug|Any CPU
		{9F1BEBCF-F813-4D69-91F5-4CEE6565BCD6}.Release|Any CPU.ActiveCfg = Release|Any CPU
		{9F1BEBCF-F813-4D69-91F5-4CEE6565BCD6}.Release|Any CPU.Build.0 = Release|Any CPU
		{05103D4D-355C-4872-A148-A20BF6E51031}.Debug|Any CPU.ActiveCfg = Debug|Any CPU
		{05103D4D-355C-4872-A148-A20BF6E51031}.Debug|Any CPU.Build.0 = Debug|Any CPU
		{05103D4D-355C-4872-A148-A20BF6E51031}.Release|Any CPU.ActiveCfg = Release|Any CPU
		{05103D4D-355C-4872-A148-A20BF6E51031}.Release|Any CPU.Build.0 = Release|Any CPU
		{07B11890-8293-4A48-972F-2689023BEB2A}.Debug|Any CPU.ActiveCfg = Debug|Any CPU
		{07B11890-8293-4A48-972F-2689023BEB2A}.Debug|Any CPU.Build.0 = Debug|Any CPU
		{07B11890-8293-4A48-972F-2689023BEB2A}.Release|Any CPU.ActiveCfg = Release|Any CPU
		{07B11890-8293-4A48-972F-2689023BEB2A}.Release|Any CPU.Build.0 = Release|Any CPU
		{91FAB89D-39AA-475B-8873-60C4BD757ADA}.Debug|Any CPU.ActiveCfg = Debug|Any CPU
		{91FAB89D-39AA-475B-8873-60C4BD757ADA}.Debug|Any CPU.Build.0 = Debug|Any CPU
		{91FAB89D-39AA-475B-8873-60C4BD757ADA}.Release|Any CPU.ActiveCfg = Release|Any CPU
		{91FAB89D-39AA-475B-8873-60C4BD757ADA}.Release|Any CPU.Build.0 = Release|Any CPU
		{A4F40E4C-538C-47A2-BCCE-DEA66FBAED7E}.Debug|Any CPU.ActiveCfg = Debug|Any CPU
		{A4F40E4C-538C-47A2-BCCE-DEA66FBAED7E}.Debug|Any CPU.Build.0 = Debug|Any CPU
		{A4F40E4C-538C-47A2-BCCE-DEA66FBAED7E}.Release|Any CPU.ActiveCfg = Release|Any CPU
		{A4F40E4C-538C-47A2-BCCE-DEA66FBAED7E}.Release|Any CPU.Build.0 = Release|Any CPU
		{C4650A86-1425-4F0D-BE0C-50B12E14F3D9}.Debug|Any CPU.ActiveCfg = Debug|Any CPU
		{C4650A86-1425-4F0D-BE0C-50B12E14F3D9}.Debug|Any CPU.Build.0 = Debug|Any CPU
		{C4650A86-1425-4F0D-BE0C-50B12E14F3D9}.Release|Any CPU.ActiveCfg = Release|Any CPU
		{C4650A86-1425-4F0D-BE0C-50B12E14F3D9}.Release|Any CPU.Build.0 = Release|Any CPU
		{5BB82C8F-3B3A-4BE9-B460-6C265EE50C83}.Debug|Any CPU.ActiveCfg = Debug|Any CPU
		{5BB82C8F-3B3A-4BE9-B460-6C265EE50C83}.Debug|Any CPU.Build.0 = Debug|Any CPU
		{5BB82C8F-3B3A-4BE9-B460-6C265EE50C83}.Release|Any CPU.ActiveCfg = Release|Any CPU
		{5BB82C8F-3B3A-4BE9-B460-6C265EE50C83}.Release|Any CPU.Build.0 = Release|Any CPU
		{F4D1C868-446F-4332-A023-572D57CE18F6}.Debug|Any CPU.ActiveCfg = Debug|Any CPU
		{F4D1C868-446F-4332-A023-572D57CE18F6}.Debug|Any CPU.Build.0 = Debug|Any CPU
		{F4D1C868-446F-4332-A023-572D57CE18F6}.Release|Any CPU.ActiveCfg = Release|Any CPU
		{F4D1C868-446F-4332-A023-572D57CE18F6}.Release|Any CPU.Build.0 = Release|Any CPU
		{767A4FD3-06FE-4F21-BC33-4E3DC7E2336D}.Debug|Any CPU.ActiveCfg = Debug|Any CPU
		{767A4FD3-06FE-4F21-BC33-4E3DC7E2336D}.Debug|Any CPU.Build.0 = Debug|Any CPU
		{767A4FD3-06FE-4F21-BC33-4E3DC7E2336D}.Release|Any CPU.ActiveCfg = Release|Any CPU
		{767A4FD3-06FE-4F21-BC33-4E3DC7E2336D}.Release|Any CPU.Build.0 = Release|Any CPU
	EndGlobalSection
EndGlobal
